// !$*UTF8*$!
{
	archiveVersion = 1;
	classes = {
	};
	objectVersion = 50;
	objects = {

/* Begin PBXBuildFile section */
		8F3346E126A61D4F009865BD /* WidgetKit.framework in Frameworks */ = {isa = PBXBuildFile; fileRef = 8F3346E026A61D4F009865BD /* WidgetKit.framework */; };
		8F3346E326A61D4F009865BD /* SwiftUI.framework in Frameworks */ = {isa = PBXBuildFile; fileRef = 8F3346E226A61D4F009865BD /* SwiftUI.framework */; };
		8F3346E626A61D4F009865BD /* DevoteWidegt.swift in Sources */ = {isa = PBXBuildFile; fileRef = 8F3346E526A61D4F009865BD /* DevoteWidegt.swift */; };
		8F3346E926A61D56009865BD /* Assets.xcassets in Resources */ = {isa = PBXBuildFile; fileRef = 8F3346E826A61D56009865BD /* Assets.xcassets */; };
		8F3346EB26A61D56009865BD /* DevoteWidegt.intentdefinition in Sources */ = {isa = PBXBuildFile; fileRef = 8F3346E726A61D50009865BD /* DevoteWidegt.intentdefinition */; };
		8F3346EC26A61D56009865BD /* DevoteWidegt.intentdefinition in Sources */ = {isa = PBXBuildFile; fileRef = 8F3346E726A61D50009865BD /* DevoteWidegt.intentdefinition */; };
		8F3346EF26A61D56009865BD /* DevoteWidegtExtension.appex in Embed App Extensions */ = {isa = PBXBuildFile; fileRef = 8F3346DE26A61D4F009865BD /* DevoteWidegtExtension.appex */; settings = {ATTRIBUTES = (RemoveHeadersOnCopy, ); }; };
		8F35228F26A8740D001D22D9 /* Assets.xcassets in Resources */ = {isa = PBXBuildFile; fileRef = 8F61B165268BA3C1004B45D3 /* Assets.xcassets */; };
		8F35229026A874A9001D22D9 /* Constant.swift in Sources */ = {isa = PBXBuildFile; fileRef = 8F61B177268BA56C004B45D3 /* Constant.swift */; };
		8F4EF68C269A0CA2001F1DCC /* NewTaskItemView.swift in Sources */ = {isa = PBXBuildFile; fileRef = 8F4EF68B269A0CA2001F1DCC /* NewTaskItemView.swift */; };
		8F4EF68E269A1D61001F1DCC /* BlankView.swift in Sources */ = {isa = PBXBuildFile; fileRef = 8F4EF68D269A1D61001F1DCC /* BlankView.swift */; };
		8F61B162268BA3BE004B45D3 /* DevoteAppApp.swift in Sources */ = {isa = PBXBuildFile; fileRef = 8F61B161268BA3BE004B45D3 /* DevoteAppApp.swift */; };
		8F61B164268BA3BE004B45D3 /* ContentView.swift in Sources */ = {isa = PBXBuildFile; fileRef = 8F61B163268BA3BE004B45D3 /* ContentView.swift */; };
		8F61B166268BA3C1004B45D3 /* Assets.xcassets in Resources */ = {isa = PBXBuildFile; fileRef = 8F61B165268BA3C1004B45D3 /* Assets.xcassets */; };
		8F61B169268BA3C1004B45D3 /* Preview Assets.xcassets in Resources */ = {isa = PBXBuildFile; fileRef = 8F61B168268BA3C1004B45D3 /* Preview Assets.xcassets */; };
		8F61B16B268BA3C1004B45D3 /* Persistence.swift in Sources */ = {isa = PBXBuildFile; fileRef = 8F61B16A268BA3C1004B45D3 /* Persistence.swift */; };
		8F61B16E268BA3C2004B45D3 /* DevoteApp.xcdatamodeld in Sources */ = {isa = PBXBuildFile; fileRef = 8F61B16C268BA3C2004B45D3 /* DevoteApp.xcdatamodeld */; };
		8F61B179268BA56C004B45D3 /* Constant.swift in Sources */ = {isa = PBXBuildFile; fileRef = 8F61B177268BA56C004B45D3 /* Constant.swift */; };
		8F61B17A268BA56C004B45D3 /* SoundPlayer.swift in Sources */ = {isa = PBXBuildFile; fileRef = 8F61B178268BA56C004B45D3 /* SoundPlayer.swift */; };
		8F61B17D268BA8F5004B45D3 /* CheckboxStyle.swift in Sources */ = {isa = PBXBuildFile; fileRef = 8F61B17C268BA8F5004B45D3 /* CheckboxStyle.swift */; };
		8F61B180268BA920004B45D3 /* HideKeyboardExtension.swift in Sources */ = {isa = PBXBuildFile; fileRef = 8F61B17F268BA920004B45D3 /* HideKeyboardExtension.swift */; };
		8F61B185268BA93B004B45D3 /* sound-tap.mp3 in Resources */ = {isa = PBXBuildFile; fileRef = 8F61B182268BA93B004B45D3 /* sound-tap.mp3 */; };
		8F61B186268BA93B004B45D3 /* sound-ding.mp3 in Resources */ = {isa = PBXBuildFile; fileRef = 8F61B183268BA93B004B45D3 /* sound-ding.mp3 */; };
		8F61B187268BA93B004B45D3 /* sound-rise.mp3 in Resources */ = {isa = PBXBuildFile; fileRef = 8F61B184268BA93B004B45D3 /* sound-rise.mp3 */; };
		8F75D5B926A07F2D00D69BAF /* ListRowItemView.swift in Sources */ = {isa = PBXBuildFile; fileRef = 8F75D5B826A07F2D00D69BAF /* ListRowItemView.swift */; };
		8F7C9E4026911EAA003A9ED6 /* BackgroundImageView.swift in Sources */ = {isa = PBXBuildFile; fileRef = 8F7C9E3F26911EAA003A9ED6 /* BackgroundImageView.swift */; };
/* End PBXBuildFile section */

/* Begin PBXContainerItemProxy section */
		8F3346ED26A61D56009865BD /* PBXContainerItemProxy */ = {
			isa = PBXContainerItemProxy;
			containerPortal = 8F61B156268BA3BD004B45D3 /* Project object */;
			proxyType = 1;
			remoteGlobalIDString = 8F3346DD26A61D4F009865BD;
			remoteInfo = DevoteWidegtExtension;
		};
/* End PBXContainerItemProxy section */

/* Begin PBXCopyFilesBuildPhase section */
		8F3346F026A61D56009865BD /* Embed App Extensions */ = {
			isa = PBXCopyFilesBuildPhase;
			buildActionMask = 2147483647;
			dstPath = "";
			dstSubfolderSpec = 13;
			files = (
				8F3346EF26A61D56009865BD /* DevoteWidegtExtension.appex in Embed App Extensions */,
			);
			name = "Embed App Extensions";
			runOnlyForDeploymentPostprocessing = 0;
		};
/* End PBXCopyFilesBuildPhase section */

/* Begin PBXFileReference section */
		8F3346DE26A61D4F009865BD /* DevoteWidegtExtension.appex */ = {isa = PBXFileReference; explicitFileType = "wrapper.app-extension"; includeInIndex = 0; path = DevoteWidegtExtension.appex; sourceTree = BUILT_PRODUCTS_DIR; };
		8F3346E026A61D4F009865BD /* WidgetKit.framework */ = {isa = PBXFileReference; lastKnownFileType = wrapper.framework; name = WidgetKit.framework; path = System/Library/Frameworks/WidgetKit.framework; sourceTree = SDKROOT; };
		8F3346E226A61D4F009865BD /* SwiftUI.framework */ = {isa = PBXFileReference; lastKnownFileType = wrapper.framework; name = SwiftUI.framework; path = System/Library/Frameworks/SwiftUI.framework; sourceTree = SDKROOT; };
		8F3346E526A61D4F009865BD /* DevoteWidegt.swift */ = {isa = PBXFileReference; lastKnownFileType = sourcecode.swift; path = DevoteWidegt.swift; sourceTree = "<group>"; };
		8F3346E726A61D50009865BD /* DevoteWidegt.intentdefinition */ = {isa = PBXFileReference; lastKnownFileType = file.intentdefinition; path = DevoteWidegt.intentdefinition; sourceTree = "<group>"; };
		8F3346E826A61D56009865BD /* Assets.xcassets */ = {isa = PBXFileReference; lastKnownFileType = folder.assetcatalog; path = Assets.xcassets; sourceTree = "<group>"; };
		8F3346EA26A61D56009865BD /* Info.plist */ = {isa = PBXFileReference; lastKnownFileType = text.plist.xml; path = Info.plist; sourceTree = "<group>"; };
		8F4EF68B269A0CA2001F1DCC /* NewTaskItemView.swift */ = {isa = PBXFileReference; lastKnownFileType = sourcecode.swift; path = NewTaskItemView.swift; sourceTree = "<group>"; };
		8F4EF68D269A1D61001F1DCC /* BlankView.swift */ = {isa = PBXFileReference; lastKnownFileType = sourcecode.swift; path = BlankView.swift; sourceTree = "<group>"; };
		8F61B15E268BA3BE004B45D3 /* DevoteApp.app */ = {isa = PBXFileReference; explicitFileType = wrapper.application; includeInIndex = 0; path = DevoteApp.app; sourceTree = BUILT_PRODUCTS_DIR; };
		8F61B161268BA3BE004B45D3 /* DevoteAppApp.swift */ = {isa = PBXFileReference; lastKnownFileType = sourcecode.swift; path = DevoteAppApp.swift; sourceTree = "<group>"; };
		8F61B163268BA3BE004B45D3 /* ContentView.swift */ = {isa = PBXFileReference; lastKnownFileType = sourcecode.swift; path = ContentView.swift; sourceTree = "<group>"; };
		8F61B165268BA3C1004B45D3 /* Assets.xcassets */ = {isa = PBXFileReference; lastKnownFileType = folder.assetcatalog; path = Assets.xcassets; sourceTree = "<group>"; };
		8F61B168268BA3C1004B45D3 /* Preview Assets.xcassets */ = {isa = PBXFileReference; lastKnownFileType = folder.assetcatalog; path = "Preview Assets.xcassets"; sourceTree = "<group>"; };
		8F61B16A268BA3C1004B45D3 /* Persistence.swift */ = {isa = PBXFileReference; lastKnownFileType = sourcecode.swift; path = Persistence.swift; sourceTree = "<group>"; };
		8F61B16D268BA3C2004B45D3 /* DevoteApp.xcdatamodel */ = {isa = PBXFileReference; lastKnownFileType = wrapper.xcdatamodel; path = DevoteApp.xcdatamodel; sourceTree = "<group>"; };
		8F61B16F268BA3C2004B45D3 /* Info.plist */ = {isa = PBXFileReference; lastKnownFileType = text.plist.xml; path = Info.plist; sourceTree = "<group>"; };
		8F61B177268BA56C004B45D3 /* Constant.swift */ = {isa = PBXFileReference; fileEncoding = 4; lastKnownFileType = sourcecode.swift; path = Constant.swift; sourceTree = "<group>"; };
		8F61B178268BA56C004B45D3 /* SoundPlayer.swift */ = {isa = PBXFileReference; fileEncoding = 4; lastKnownFileType = sourcecode.swift; path = SoundPlayer.swift; sourceTree = "<group>"; };
		8F61B17C268BA8F5004B45D3 /* CheckboxStyle.swift */ = {isa = PBXFileReference; fileEncoding = 4; lastKnownFileType = sourcecode.swift; path = CheckboxStyle.swift; sourceTree = "<group>"; };
		8F61B17F268BA920004B45D3 /* HideKeyboardExtension.swift */ = {isa = PBXFileReference; fileEncoding = 4; lastKnownFileType = sourcecode.swift; path = HideKeyboardExtension.swift; sourceTree = "<group>"; };
		8F61B182268BA93B004B45D3 /* sound-tap.mp3 */ = {isa = PBXFileReference; lastKnownFileType = audio.mp3; path = "sound-tap.mp3"; sourceTree = "<group>"; };
		8F61B183268BA93B004B45D3 /* sound-ding.mp3 */ = {isa = PBXFileReference; lastKnownFileType = audio.mp3; path = "sound-ding.mp3"; sourceTree = "<group>"; };
		8F61B184268BA93B004B45D3 /* sound-rise.mp3 */ = {isa = PBXFileReference; lastKnownFileType = audio.mp3; path = "sound-rise.mp3"; sourceTree = "<group>"; };
		8F75D5B826A07F2D00D69BAF /* ListRowItemView.swift */ = {isa = PBXFileReference; lastKnownFileType = sourcecode.swift; path = ListRowItemView.swift; sourceTree = "<group>"; };
		8F7C9E3F26911EAA003A9ED6 /* BackgroundImageView.swift */ = {isa = PBXFileReference; lastKnownFileType = sourcecode.swift; path = BackgroundImageView.swift; sourceTree = "<group>"; };
/* End PBXFileReference section */

/* Begin PBXFrameworksBuildPhase section */
		8F3346DB26A61D4F009865BD /* Frameworks */ = {
			isa = PBXFrameworksBuildPhase;
			buildActionMask = 2147483647;
			files = (
				8F3346E326A61D4F009865BD /* SwiftUI.framework in Frameworks */,
				8F3346E126A61D4F009865BD /* WidgetKit.framework in Frameworks */,
			);
			runOnlyForDeploymentPostprocessing = 0;
		};
		8F61B15B268BA3BE004B45D3 /* Frameworks */ = {
			isa = PBXFrameworksBuildPhase;
			buildActionMask = 2147483647;
			files = (
			);
			runOnlyForDeploymentPostprocessing = 0;
		};
/* End PBXFrameworksBuildPhase section */

/* Begin PBXGroup section */
		8F3346DF26A61D4F009865BD /* Frameworks */ = {
			isa = PBXGroup;
			children = (
				8F3346E026A61D4F009865BD /* WidgetKit.framework */,
				8F3346E226A61D4F009865BD /* SwiftUI.framework */,
			);
			name = Frameworks;
			sourceTree = "<group>";
		};
		8F3346E426A61D4F009865BD /* DevoteWidegt */ = {
			isa = PBXGroup;
			children = (
				8F3346E526A61D4F009865BD /* DevoteWidegt.swift */,
				8F3346E726A61D50009865BD /* DevoteWidegt.intentdefinition */,
				8F3346E826A61D56009865BD /* Assets.xcassets */,
				8F3346EA26A61D56009865BD /* Info.plist */,
			);
			path = DevoteWidegt;
			sourceTree = "<group>";
		};
		8F61B155268BA3BD004B45D3 = {
			isa = PBXGroup;
			children = (
				8F61B160268BA3BE004B45D3 /* DevoteApp */,
				8F3346E426A61D4F009865BD /* DevoteWidegt */,
				8F3346DF26A61D4F009865BD /* Frameworks */,
				8F61B15F268BA3BE004B45D3 /* Products */,
			);
			sourceTree = "<group>";
		};
		8F61B15F268BA3BE004B45D3 /* Products */ = {
			isa = PBXGroup;
			children = (
				8F61B15E268BA3BE004B45D3 /* DevoteApp.app */,
				8F3346DE26A61D4F009865BD /* DevoteWidegtExtension.appex */,
			);
			name = Products;
			sourceTree = "<group>";
		};
		8F61B160268BA3BE004B45D3 /* DevoteApp */ = {
			isa = PBXGroup;
			children = (
				8F61B161268BA3BE004B45D3 /* DevoteAppApp.swift */,
				8F61B181268BA92A004B45D3 /* Sound */,
				8F61B17E268BA90E004B45D3 /* Extension */,
				8F61B17B268BA8D1004B45D3 /* Style */,
				8F61B175268BA503004B45D3 /* Model */,
				8F61B176268BA546004B45D3 /* Uitlity */,
				8FE8235A268BB08800EF27D7 /* View */,
				8F61B165268BA3C1004B45D3 /* Assets.xcassets */,
				8F61B16F268BA3C2004B45D3 /* Info.plist */,
				8F61B167268BA3C1004B45D3 /* Preview Content */,
			);
			path = DevoteApp;
			sourceTree = "<group>";
		};
		8F61B167268BA3C1004B45D3 /* Preview Content */ = {
			isa = PBXGroup;
			children = (
				8F61B168268BA3C1004B45D3 /* Preview Assets.xcassets */,
			);
			path = "Preview Content";
			sourceTree = "<group>";
		};
		8F61B175268BA503004B45D3 /* Model */ = {
			isa = PBXGroup;
			children = (
				8F61B16A268BA3C1004B45D3 /* Persistence.swift */,
				8F61B16C268BA3C2004B45D3 /* DevoteApp.xcdatamodeld */,
			);
			path = Model;
			sourceTree = "<group>";
		};
		8F61B176268BA546004B45D3 /* Uitlity */ = {
			isa = PBXGroup;
			children = (
				8F61B177268BA56C004B45D3 /* Constant.swift */,
				8F61B178268BA56C004B45D3 /* SoundPlayer.swift */,
			);
			path = Uitlity;
			sourceTree = "<group>";
		};
		8F61B17B268BA8D1004B45D3 /* Style */ = {
			isa = PBXGroup;
			children = (
				8F61B17C268BA8F5004B45D3 /* CheckboxStyle.swift */,
			);
			path = Style;
			sourceTree = "<group>";
		};
		8F61B17E268BA90E004B45D3 /* Extension */ = {
			isa = PBXGroup;
			children = (
				8F61B17F268BA920004B45D3 /* HideKeyboardExtension.swift */,
			);
			path = Extension;
			sourceTree = "<group>";
		};
		8F61B181268BA92A004B45D3 /* Sound */ = {
			isa = PBXGroup;
			children = (
				8F61B183268BA93B004B45D3 /* sound-ding.mp3 */,
				8F61B184268BA93B004B45D3 /* sound-rise.mp3 */,
				8F61B182268BA93B004B45D3 /* sound-tap.mp3 */,
			);
			path = Sound;
			sourceTree = "<group>";
		};
		8FE8235A268BB08800EF27D7 /* View */ = {
			isa = PBXGroup;
			children = (
				8F61B163268BA3BE004B45D3 /* ContentView.swift */,
				8F7C9E3F26911EAA003A9ED6 /* BackgroundImageView.swift */,
				8F4EF68B269A0CA2001F1DCC /* NewTaskItemView.swift */,
				8F4EF68D269A1D61001F1DCC /* BlankView.swift */,
				8F75D5B826A07F2D00D69BAF /* ListRowItemView.swift */,
			);
			path = View;
			sourceTree = "<group>";
		};
/* End PBXGroup section */

/* Begin PBXNativeTarget section */
		8F3346DD26A61D4F009865BD /* DevoteWidegtExtension */ = {
			isa = PBXNativeTarget;
			buildConfigurationList = 8F3346F326A61D56009865BD /* Build configuration list for PBXNativeTarget "DevoteWidegtExtension" */;
			buildPhases = (
				8F3346DA26A61D4F009865BD /* Sources */,
				8F3346DB26A61D4F009865BD /* Frameworks */,
				8F3346DC26A61D4F009865BD /* Resources */,
			);
			buildRules = (
			);
			dependencies = (
			);
			name = DevoteWidegtExtension;
			productName = DevoteWidegtExtension;
			productReference = 8F3346DE26A61D4F009865BD /* DevoteWidegtExtension.appex */;
			productType = "com.apple.product-type.app-extension";
		};
		8F61B15D268BA3BE004B45D3 /* DevoteApp */ = {
			isa = PBXNativeTarget;
			buildConfigurationList = 8F61B172268BA3C2004B45D3 /* Build configuration list for PBXNativeTarget "DevoteApp" */;
			buildPhases = (
				8F61B15A268BA3BE004B45D3 /* Sources */,
				8F61B15B268BA3BE004B45D3 /* Frameworks */,
				8F61B15C268BA3BE004B45D3 /* Resources */,
				8F3346F026A61D56009865BD /* Embed App Extensions */,
			);
			buildRules = (
			);
			dependencies = (
				8F3346EE26A61D56009865BD /* PBXTargetDependency */,
			);
			name = DevoteApp;
			productName = DevoteApp;
			productReference = 8F61B15E268BA3BE004B45D3 /* DevoteApp.app */;
			productType = "com.apple.product-type.application";
		};
/* End PBXNativeTarget section */

/* Begin PBXProject section */
		8F61B156268BA3BD004B45D3 /* Project object */ = {
			isa = PBXProject;
			attributes = {
				LastSwiftUpdateCheck = 1250;
				LastUpgradeCheck = 1250;
				TargetAttributes = {
					8F3346DD26A61D4F009865BD = {
						CreatedOnToolsVersion = 12.5.1;
					};
					8F61B15D268BA3BE004B45D3 = {
						CreatedOnToolsVersion = 12.5.1;
					};
				};
			};
			buildConfigurationList = 8F61B159268BA3BD004B45D3 /* Build configuration list for PBXProject "DevoteApp" */;
			compatibilityVersion = "Xcode 9.3";
			developmentRegion = en;
			hasScannedForEncodings = 0;
			knownRegions = (
				en,
				Base,
			);
			mainGroup = 8F61B155268BA3BD004B45D3;
			productRefGroup = 8F61B15F268BA3BE004B45D3 /* Products */;
			projectDirPath = "";
			projectRoot = "";
			targets = (
				8F61B15D268BA3BE004B45D3 /* DevoteApp */,
				8F3346DD26A61D4F009865BD /* DevoteWidegtExtension */,
			);
		};
/* End PBXProject section */

/* Begin PBXResourcesBuildPhase section */
		8F3346DC26A61D4F009865BD /* Resources */ = {
			isa = PBXResourcesBuildPhase;
			buildActionMask = 2147483647;
			files = (
				8F35228F26A8740D001D22D9 /* Assets.xcassets in Resources */,
				8F3346E926A61D56009865BD /* Assets.xcassets in Resources */,
			);
			runOnlyForDeploymentPostprocessing = 0;
		};
		8F61B15C268BA3BE004B45D3 /* Resources */ = {
			isa = PBXResourcesBuildPhase;
			buildActionMask = 2147483647;
			files = (
				8F61B187268BA93B004B45D3 /* sound-rise.mp3 in Resources */,
				8F61B186268BA93B004B45D3 /* sound-ding.mp3 in Resources */,
				8F61B185268BA93B004B45D3 /* sound-tap.mp3 in Resources */,
				8F61B169268BA3C1004B45D3 /* Preview Assets.xcassets in Resources */,
				8F61B166268BA3C1004B45D3 /* Assets.xcassets in Resources */,
			);
			runOnlyForDeploymentPostprocessing = 0;
		};
/* End PBXResourcesBuildPhase section */

/* Begin PBXSourcesBuildPhase section */
		8F3346DA26A61D4F009865BD /* Sources */ = {
			isa = PBXSourcesBuildPhase;
			buildActionMask = 2147483647;
			files = (
				8F3346E626A61D4F009865BD /* DevoteWidegt.swift in Sources */,
				8F3346EB26A61D56009865BD /* DevoteWidegt.intentdefinition in Sources */,
				8F35229026A874A9001D22D9 /* Constant.swift in Sources */,
			);
			runOnlyForDeploymentPostprocessing = 0;
		};
		8F61B15A268BA3BE004B45D3 /* Sources */ = {
			isa = PBXSourcesBuildPhase;
			buildActionMask = 2147483647;
			files = (
				8F61B17D268BA8F5004B45D3 /* CheckboxStyle.swift in Sources */,
				8F61B16B268BA3C1004B45D3 /* Persistence.swift in Sources */,
				8F4EF68E269A1D61001F1DCC /* BlankView.swift in Sources */,
				8F61B164268BA3BE004B45D3 /* ContentView.swift in Sources */,
				8F3346EC26A61D56009865BD /* DevoteWidegt.intentdefinition in Sources */,
				8F7C9E4026911EAA003A9ED6 /* BackgroundImageView.swift in Sources */,
				8F61B179268BA56C004B45D3 /* Constant.swift in Sources */,
				8F75D5B926A07F2D00D69BAF /* ListRowItemView.swift in Sources */,
				8F4EF68C269A0CA2001F1DCC /* NewTaskItemView.swift in Sources */,
				8F61B16E268BA3C2004B45D3 /* DevoteApp.xcdatamodeld in Sources */,
				8F61B17A268BA56C004B45D3 /* SoundPlayer.swift in Sources */,
				8F61B180268BA920004B45D3 /* HideKeyboardExtension.swift in Sources */,
				8F61B162268BA3BE004B45D3 /* DevoteAppApp.swift in Sources */,
			);
			runOnlyForDeploymentPostprocessing = 0;
		};
/* End PBXSourcesBuildPhase section */

/* Begin PBXTargetDependency section */
		8F3346EE26A61D56009865BD /* PBXTargetDependency */ = {
			isa = PBXTargetDependency;
			target = 8F3346DD26A61D4F009865BD /* DevoteWidegtExtension */;
			targetProxy = 8F3346ED26A61D56009865BD /* PBXContainerItemProxy */;
		};
/* End PBXTargetDependency section */

/* Begin XCBuildConfiguration section */
		8F3346F126A61D56009865BD /* Debug */ = {
			isa = XCBuildConfiguration;
			buildSettings = {
				ASSETCATALOG_COMPILER_GLOBAL_ACCENT_COLOR_NAME = AccentColor;
				ASSETCATALOG_COMPILER_WIDGET_BACKGROUND_COLOR_NAME = WidgetBackground;
				CODE_SIGN_STYLE = Automatic;
				DEVELOPMENT_TEAM = ZYXWKAWWZ4;
				INFOPLIST_FILE = DevoteWidegt/Info.plist;
				LD_RUNPATH_SEARCH_PATHS = (
					"$(inherited)",
					"@executable_path/Frameworks",
					"@executable_path/../../Frameworks",
				);
				PRODUCT_BUNDLE_IDENTIFIER = creativeShare.DevoteApp.DevoteWidegt;
				PRODUCT_NAME = "$(TARGET_NAME)";
				SKIP_INSTALL = YES;
				SWIFT_VERSION = 5.0;
				TARGETED_DEVICE_FAMILY = "1,2";
			};
			name = Debug;
		};
		8F3346F226A61D56009865BD /* Release */ = {
			isa = XCBuildConfiguration;
			buildSettings = {
				ASSETCATALOG_COMPILER_GLOBAL_ACCENT_COLOR_NAME = AccentColor;
				ASSETCATALOG_COMPILER_WIDGET_BACKGROUND_COLOR_NAME = WidgetBackground;
				CODE_SIGN_STYLE = Automatic;
				DEVELOPMENT_TEAM = ZYXWKAWWZ4;
				INFOPLIST_FILE = DevoteWidegt/Info.plist;
				LD_RUNPATH_SEARCH_PATHS = (
					"$(inherited)",
					"@executable_path/Frameworks",
					"@executable_path/../../Frameworks",
				);
				PRODUCT_BUNDLE_IDENTIFIER = creativeShare.DevoteApp.DevoteWidegt;
				PRODUCT_NAME = "$(TARGET_NAME)";
				SKIP_INSTALL = YES;
				SWIFT_VERSION = 5.0;
				TARGETED_DEVICE_FAMILY = "1,2";
			};
			name = Release;
		};
		8F61B170268BA3C2004B45D3 /* Debug */ = {
			isa = XCBuildConfiguration;
			buildSettings = {
				ALWAYS_SEARCH_USER_PATHS = NO;
				CLANG_ANALYZER_NONNULL = YES;
				CLANG_ANALYZER_NUMBER_OBJECT_CONVERSION = YES_AGGRESSIVE;
				CLANG_CXX_LANGUAGE_STANDARD = "gnu++14";
				CLANG_CXX_LIBRARY = "libc++";
				CLANG_ENABLE_MODULES = YES;
				CLANG_ENABLE_OBJC_ARC = YES;
				CLANG_ENABLE_OBJC_WEAK = YES;
				CLANG_WARN_BLOCK_CAPTURE_AUTORELEASING = YES;
				CLANG_WARN_BOOL_CONVERSION = YES;
				CLANG_WARN_COMMA = YES;
				CLANG_WARN_CONSTANT_CONVERSION = YES;
				CLANG_WARN_DEPRECATED_OBJC_IMPLEMENTATIONS = YES;
				CLANG_WARN_DIRECT_OBJC_ISA_USAGE = YES_ERROR;
				CLANG_WARN_DOCUMENTATION_COMMENTS = YES;
				CLANG_WARN_EMPTY_BODY = YES;
				CLANG_WARN_ENUM_CONVERSION = YES;
				CLANG_WARN_INFINITE_RECURSION = YES;
				CLANG_WARN_INT_CONVERSION = YES;
				CLANG_WARN_NON_LITERAL_NULL_CONVERSION = YES;
				CLANG_WARN_OBJC_IMPLICIT_RETAIN_SELF = YES;
				CLANG_WARN_OBJC_LITERAL_CONVERSION = YES;
				CLANG_WARN_OBJC_ROOT_CLASS = YES_ERROR;
				CLANG_WARN_QUOTED_INCLUDE_IN_FRAMEWORK_HEADER = YES;
				CLANG_WARN_RANGE_LOOP_ANALYSIS = YES;
				CLANG_WARN_STRICT_PROTOTYPES = YES;
				CLANG_WARN_SUSPICIOUS_MOVE = YES;
				CLANG_WARN_UNGUARDED_AVAILABILITY = YES_AGGRESSIVE;
				CLANG_WARN_UNREACHABLE_CODE = YES;
				CLANG_WARN__DUPLICATE_METHOD_MATCH = YES;
				COPY_PHASE_STRIP = NO;
				DEBUG_INFORMATION_FORMAT = dwarf;
				ENABLE_STRICT_OBJC_MSGSEND = YES;
				ENABLE_TESTABILITY = YES;
				GCC_C_LANGUAGE_STANDARD = gnu11;
				GCC_DYNAMIC_NO_PIC = NO;
				GCC_NO_COMMON_BLOCKS = YES;
				GCC_OPTIMIZATION_LEVEL = 0;
				GCC_PREPROCESSOR_DEFINITIONS = (
					"DEBUG=1",
					"$(inherited)",
				);
				GCC_WARN_64_TO_32_BIT_CONVERSION = YES;
				GCC_WARN_ABOUT_RETURN_TYPE = YES_ERROR;
				GCC_WARN_UNDECLARED_SELECTOR = YES;
				GCC_WARN_UNINITIALIZED_AUTOS = YES_AGGRESSIVE;
				GCC_WARN_UNUSED_FUNCTION = YES;
				GCC_WARN_UNUSED_VARIABLE = YES;
				IPHONEOS_DEPLOYMENT_TARGET = 14.5;
				MTL_ENABLE_DEBUG_INFO = INCLUDE_SOURCE;
				MTL_FAST_MATH = YES;
				ONLY_ACTIVE_ARCH = YES;
				SDKROOT = iphoneos;
				SWIFT_ACTIVE_COMPILATION_CONDITIONS = DEBUG;
				SWIFT_OPTIMIZATION_LEVEL = "-Onone";
			};
			name = Debug;
		};
		8F61B171268BA3C2004B45D3 /* Release */ = {
			isa = XCBuildConfiguration;
			buildSettings = {
				ALWAYS_SEARCH_USER_PATHS = NO;
				CLANG_ANALYZER_NONNULL = YES;
				CLANG_ANALYZER_NUMBER_OBJECT_CONVERSION = YES_AGGRESSIVE;
				CLANG_CXX_LANGUAGE_STANDARD = "gnu++14";
				CLANG_CXX_LIBRARY = "libc++";
				CLANG_ENABLE_MODULES = YES;
				CLANG_ENABLE_OBJC_ARC = YES;
				CLANG_ENABLE_OBJC_WEAK = YES;
				CLANG_WARN_BLOCK_CAPTURE_AUTORELEASING = YES;
				CLANG_WARN_BOOL_CONVERSION = YES;
				CLANG_WARN_COMMA = YES;
				CLANG_WARN_CONSTANT_CONVERSION = YES;
				CLANG_WARN_DEPRECATED_OBJC_IMPLEMENTATIONS = YES;
				CLANG_WARN_DIRECT_OBJC_ISA_USAGE = YES_ERROR;
				CLANG_WARN_DOCUMENTATION_COMMENTS = YES;
				CLANG_WARN_EMPTY_BODY = YES;
				CLANG_WARN_ENUM_CONVERSION = YES;
				CLANG_WARN_INFINITE_RECURSION = YES;
				CLANG_WARN_INT_CONVERSION = YES;
				CLANG_WARN_NON_LITERAL_NULL_CONVERSION = YES;
				CLANG_WARN_OBJC_IMPLICIT_RETAIN_SELF = YES;
				CLANG_WARN_OBJC_LITERAL_CONVERSION = YES;
				CLANG_WARN_OBJC_ROOT_CLASS = YES_ERROR;
				CLANG_WARN_QUOTED_INCLUDE_IN_FRAMEWORK_HEADER = YES;
				CLANG_WARN_RANGE_LOOP_ANALYSIS = YES;
				CLANG_WARN_STRICT_PROTOTYPES = YES;
				CLANG_WARN_SUSPICIOUS_MOVE = YES;
				CLANG_WARN_UNGUARDED_AVAILABILITY = YES_AGGRESSIVE;
				CLANG_WARN_UNREACHABLE_CODE = YES;
				CLANG_WARN__DUPLICATE_METHOD_MATCH = YES;
				COPY_PHASE_STRIP = NO;
				DEBUG_INFORMATION_FORMAT = "dwarf-with-dsym";
				ENABLE_NS_ASSERTIONS = NO;
				ENABLE_STRICT_OBJC_MSGSEND = YES;
				GCC_C_LANGUAGE_STANDARD = gnu11;
				GCC_NO_COMMON_BLOCKS = YES;
				GCC_WARN_64_TO_32_BIT_CONVERSION = YES;
				GCC_WARN_ABOUT_RETURN_TYPE = YES_ERROR;
				GCC_WARN_UNDECLARED_SELECTOR = YES;
				GCC_WARN_UNINITIALIZED_AUTOS = YES_AGGRESSIVE;
				GCC_WARN_UNUSED_FUNCTION = YES;
				GCC_WARN_UNUSED_VARIABLE = YES;
				IPHONEOS_DEPLOYMENT_TARGET = 14.5;
				MTL_ENABLE_DEBUG_INFO = NO;
				MTL_FAST_MATH = YES;
				SDKROOT = iphoneos;
				SWIFT_COMPILATION_MODE = wholemodule;
				SWIFT_OPTIMIZATION_LEVEL = "-O";
				VALIDATE_PRODUCT = YES;
			};
			name = Release;
		};
		8F61B173268BA3C2004B45D3 /* Debug */ = {
			isa = XCBuildConfiguration;
			buildSettings = {
				ALWAYS_EMBED_SWIFT_STANDARD_LIBRARIES = YES;
				ASSETCATALOG_COMPILER_APPICON_NAME = AppIcon;
				ASSETCATALOG_COMPILER_GLOBAL_ACCENT_COLOR_NAME = AccentColor;
				CODE_SIGN_STYLE = Automatic;
				DEVELOPMENT_ASSET_PATHS = "\"DevoteApp/Preview Content\"";
				DEVELOPMENT_TEAM = ZYXWKAWWZ4;
				ENABLE_PREVIEWS = YES;
				INFOPLIST_FILE = DevoteApp/Info.plist;
				IPHONEOS_DEPLOYMENT_TARGET = 14.0;
				LD_RUNPATH_SEARCH_PATHS = (
					"$(inherited)",
					"@executable_path/Frameworks",
				);
				PRODUCT_BUNDLE_IDENTIFIER = creativeShare.DevoteApp;
				PRODUCT_NAME = "$(TARGET_NAME)";
				SWIFT_VERSION = 5.0;
				TARGETED_DEVICE_FAMILY = "1,2";
			};
			name = Debug;
		};
		8F61B174268BA3C2004B45D3 /* Release */ = {
			isa = XCBuildConfiguration;
			buildSettings = {
				ALWAYS_EMBED_SWIFT_STANDARD_LIBRARIES = YES;
				ASSETCATALOG_COMPILER_APPICON_NAME = AppIcon;
				ASSETCATALOG_COMPILER_GLOBAL_ACCENT_COLOR_NAME = AccentColor;
				CODE_SIGN_STYLE = Automatic;
				DEVELOPMENT_ASSET_PATHS = "\"DevoteApp/Preview Content\"";
				DEVELOPMENT_TEAM = ZYXWKAWWZ4;
				ENABLE_PREVIEWS = YES;
				INFOPLIST_FILE = DevoteApp/Info.plist;
				IPHONEOS_DEPLOYMENT_TARGET = 14.0;
				LD_RUNPATH_SEARCH_PATHS = (
					"$(inherited)",
					"@executable_path/Frameworks",
				);
				PRODUCT_BUNDLE_IDENTIFIER = creativeShare.DevoteApp;
				PRODUCT_NAME = "$(TARGET_NAME)";
				SWIFT_VERSION = 5.0;
				TARGETED_DEVICE_FAMILY = "1,2";
			};
			name = Release;
		};
/* End XCBuildConfiguration section */

/* Begin XCConfigurationList section */
		8F3346F326A61D56009865BD /* Build configuration list for PBXNativeTarget "DevoteWidegtExtension" */ = {
			isa = XCConfigurationList;
			buildConfigurations = (
				8F3346F126A61D56009865BD /* Debug */,
				8F3346F226A61D56009865BD /* Release */,
			);
			defaultConfigurationIsVisible = 0;
			defaultConfigurationName = Release;
		};
		8F61B159268BA3BD004B45D3 /* Build configuration list for PBXProject "DevoteApp" */ = {
			isa = XCConfigurationList;
			buildConfigurations = (
				8F61B170268BA3C2004B45D3 /* Debug */,
				8F61B171268BA3C2004B45D3 /* Release */,
			);
			defaultConfigurationIsVisible = 0;
			defaultConfigurationName = Release;
		};
		8F61B172268BA3C2004B45D3 /* Build configuration list for PBXNativeTarget "DevoteApp" */ = {
			isa = XCConfigurationList;
			buildConfigurations = (
				8F61B173268BA3C2004B45D3 /* Debug */,
				8F61B174268BA3C2004B45D3 /* Release */,
			);
			defaultConfigurationIsVisible = 0;
			defaultConfigurationName = Release;
		};
/* End XCConfigurationList section */

/* Begin XCVersionGroup section */
		8F61B16C268BA3C2004B45D3 /* DevoteApp.xcdatamodeld */ = {
			isa = XCVersionGroup;
			children = (
				8F61B16D268BA3C2004B45D3 /* DevoteApp.xcdatamodel */,
			);
			currentVersion = 8F61B16D268BA3C2004B45D3 /* DevoteApp.xcdatamodel */;
			path = DevoteApp.xcdatamodeld;
			sourceTree = "<group>";
			versionGroupType = wrapper.xcdatamodel;
		};
/* End XCVersionGroup section */
	};
	rootObject = 8F61B156268BA3BD004B45D3 /* Project object */;
}
